
Microsoft Visual Studio Solution File, Format Version 12.00
# Visual Studio Version 17
VisualStudioVersion = 17.5.33516.290
MinimumVisualStudioVersion = 10.0.40219.1
Project("{FAE04EC0-301F-11D3-BF4B-00C04F79EFBC}") = "RuyaTabir", "RuyaTabir\RuyaTabir.csproj", "{98263CA1-7DCF-4A89-8A84-D028478CE1B1}"
EndProject
Global
	GlobalSection(SolutionConfigurationPlatforms) = preSolution
		Debug|Any CPU = Debug|Any CPU
		Release|Any CPU = Release|Any CPU
	EndGlobalSection
	GlobalSection(ProjectConfigurationPlatforms) = postSolution
		{98263CA1-7DCF-4A89-8A84-D028478CE1B1}.Debug|Any CPU.ActiveCfg = Debug|Any CPU
		{98263CA1-7DCF-4A89-8A84-D028478CE1B1}.Debug|Any CPU.Build.0 = Debug|Any CPU
		{98263CA1-7DCF-4A89-8A84-D028478CE1B1}.Release|Any CPU.ActiveCfg = Release|Any CPU
		{98263CA1-7DCF-4A89-8A84-D028478CE1B1}.Release|Any CPU.Build.0 = Release|Any CPU
	EndGlobalSection
	GlobalSection(SolutionProperties) = preSolution
		HideSolutionNode = FALSE
	EndGlobalSection
	GlobalSection(ExtensibilityGlobals) = postSolution
		SolutionGuid = {41EE672C-38D7-4C73-B731-2AB8993892E6}
	EndGlobalSection
EndGlobal
